<Solution>
  <Folder Name="/src/">
    <Project Path="src/InstituteManagement.API/InstituteManagement.API.csproj" />
    <Project Path="src/InstituteManagement.Application/InstituteManagement.Application.csproj" />
    <Project Path="src/InstituteManagement.Domain/InstituteManagement.Domain.csproj" />
    <Project Path="src/InstituteManagement.Infrastructure/InstituteManagement.Infrastructure.csproj" />
  </Folder>
</Solution>
